
Microsoft Visual Studio Solution File, Format Version 12.00
# Visual Studio Version 17
VisualStudioVersion = 17.0.31903.59
MinimumVisualStudioVersion = 10.0.40219.1
Project("{2150E333-8FDC-42A3-9474-1A3956D46DE8}") = "Services", "Services", "{F65B52E5-3863-4560-A0AE-7E8799194130}"
EndProject
Project("{2150E333-8FDC-42A3-9474-1A3956D46DE8}") = "Basket", "Basket", "{D86B47A2-1B89-4D2E-A53C-EE175829337B}"
EndProject
Project("{FAE04EC0-301F-11D3-BF4B-00C04F79EFBC}") = "Basket.API", "Services\Basket\Basket.API\Basket.API.csproj", "{0036C80F-5558-4DF1-A1CB-453854FE8C7F}"
EndProject
Project("{2150E333-8FDC-42A3-9474-1A3956D46DE8}") = "Catalog", "Catalog", "{78F1D5D5-0F7F-487A-A935-2DCCFA548B44}"
EndProject
Project("{FAE04EC0-301F-11D3-BF4B-00C04F79EFBC}") = "Catalog.API", "Services\Catalog\Catalog.API\Catalog.API.csproj", "{5BB557B6-AD35-4E06-BDB0-6E5B71546EF9}"
EndProject
Project("{2150E333-8FDC-42A3-9474-1A3956D46DE8}") = "Discount", "Discount", "{F7605F60-39DA-4F2D-962B-825296DCC9F8}"
EndProject
Project("{FAE04EC0-301F-11D3-BF4B-00C04F79EFBC}") = "Discount.API", "Services\Discount\Discount.API\Discount.API.csproj", "{3E96C625-9319-4AE1-9068-E76ED2EB9CD4}"
EndProject
Project("{FAE04EC0-301F-11D3-BF4B-00C04F79EFBC}") = "Discount.Grpc", "Services\Discount\Discount.Grpc\Discount.Grpc.csproj", "{E14C514A-B98C-421B-85D9-28CEA0C96C0E}"
EndProject
Project("{2150E333-8FDC-42A3-9474-1A3956D46DE8}") = "Ordering", "Ordering", "{76F43937-1D79-41D8-A7DD-1358A9EE1412}"
EndProject
Project("{FAE04EC0-301F-11D3-BF4B-00C04F79EFBC}") = "Ordering.API", "Services\Ordering\Ordering.API\Ordering.API.csproj", "{239C59CB-5B1F-48EC-B67F-1B589BFD16CF}"
EndProject
Project("{FAE04EC0-301F-11D3-BF4B-00C04F79EFBC}") = "Ordering.Application", "Services\Ordering\Ordering.Application\Ordering.Application.csproj", "{A0BE9396-90E7-4943-A163-597F4DF10AB0}"
EndProject
Project("{FAE04EC0-301F-11D3-BF4B-00C04F79EFBC}") = "Ordering.Domain", "Services\Ordering\Ordering.Domain\Ordering.Domain.csproj", "{AAE11A43-B8BD-4BB7-B30C-821E781C9374}"
EndProject
Project("{FAE04EC0-301F-11D3-BF4B-00C04F79EFBC}") = "Ordering.Infrastructure", "Services\Ordering\Ordering.Infrastructure\Ordering.Infrastructure.csproj", "{3E4891E8-B4B4-408F-9677-88CE7A2F30C0}"
EndProject
Project("{2150E333-8FDC-42A3-9474-1A3956D46DE8}") = "BuildingBlocks", "BuildingBlocks", "{EDF81E83-D71E-482F-920A-4F410F26AEBC}"
EndProject
Project("{FAE04EC0-301F-11D3-BF4B-00C04F79EFBC}") = "EventBus.Messages", "BuildingBlocks\EventBus.Messages\EventBus.Messages.csproj", "{48DD78FA-2EC2-4E5D-B247-0FD0939D73D1}"
EndProject
Project("{2150E333-8FDC-42A3-9474-1A3956D46DE8}") = "ApiGateways", "ApiGateways", "{3FB3EB9E-FD4B-4ED3-8061-23529B877317}"
EndProject
Project("{FAE04EC0-301F-11D3-BF4B-00C04F79EFBC}") = "OcelotApiGateway", "ApiGateways\OcelotApiGateway\OcelotApiGateway.csproj", "{DE1A690F-9A3C-4096-BA7E-C8F9B966B0A2}"
EndProject
Global
	GlobalSection(SolutionConfigurationPlatforms) = preSolution
		Debug|Any CPU = Debug|Any CPU
		Release|Any CPU = Release|Any CPU
	EndGlobalSection
	GlobalSection(SolutionProperties) = preSolution
		HideSolutionNode = FALSE
	EndGlobalSection
	GlobalSection(ProjectConfigurationPlatforms) = postSolution
		{0036C80F-5558-4DF1-A1CB-453854FE8C7F}.Debug|Any CPU.ActiveCfg = Debug|Any CPU
		{0036C80F-5558-4DF1-A1CB-453854FE8C7F}.Debug|Any CPU.Build.0 = Debug|Any CPU
		{0036C80F-5558-4DF1-A1CB-453854FE8C7F}.Release|Any CPU.ActiveCfg = Release|Any CPU
		{0036C80F-5558-4DF1-A1CB-453854FE8C7F}.Release|Any CPU.Build.0 = Release|Any CPU
		{5BB557B6-AD35-4E06-BDB0-6E5B71546EF9}.Debug|Any CPU.ActiveCfg = Debug|Any CPU
		{5BB557B6-AD35-4E06-BDB0-6E5B71546EF9}.Debug|Any CPU.Build.0 = Debug|Any CPU
		{5BB557B6-AD35-4E06-BDB0-6E5B71546EF9}.Release|Any CPU.ActiveCfg = Release|Any CPU
		{5BB557B6-AD35-4E06-BDB0-6E5B71546EF9}.Release|Any CPU.Build.0 = Release|Any CPU
		{3E96C625-9319-4AE1-9068-E76ED2EB9CD4}.Debug|Any CPU.ActiveCfg = Debug|Any CPU
		{3E96C625-9319-4AE1-9068-E76ED2EB9CD4}.Debug|Any CPU.Build.0 = Debug|Any CPU
		{3E96C625-9319-4AE1-9068-E76ED2EB9CD4}.Release|Any CPU.ActiveCfg = Release|Any CPU
		{3E96C625-9319-4AE1-9068-E76ED2EB9CD4}.Release|Any CPU.Build.0 = Release|Any CPU
		{E14C514A-B98C-421B-85D9-28CEA0C96C0E}.Debug|Any CPU.ActiveCfg = Debug|Any CPU
		{E14C514A-B98C-421B-85D9-28CEA0C96C0E}.Debug|Any CPU.Build.0 = Debug|Any CPU
		{E14C514A-B98C-421B-85D9-28CEA0C96C0E}.Release|Any CPU.ActiveCfg = Release|Any CPU
		{E14C514A-B98C-421B-85D9-28CEA0C96C0E}.Release|Any CPU.Build.0 = Release|Any CPU
		{239C59CB-5B1F-48EC-B67F-1B589BFD16CF}.Debug|Any CPU.ActiveCfg = Debug|Any CPU
		{239C59CB-5B1F-48EC-B67F-1B589BFD16CF}.Debug|Any CPU.Build.0 = Debug|Any CPU
		{239C59CB-5B1F-48EC-B67F-1B589BFD16CF}.Release|Any CPU.ActiveCfg = Release|Any CPU
		{239C59CB-5B1F-48EC-B67F-1B589BFD16CF}.Release|Any CPU.Build.0 = Release|Any CPU
		{A0BE9396-90E7-4943-A163-597F4DF10AB0}.Debug|Any CPU.ActiveCfg = Debug|Any CPU
		{A0BE9396-90E7-4943-A163-597F4DF10AB0}.Debug|Any CPU.Build.0 = Debug|Any CPU
		{A0BE9396-90E7-4943-A163-597F4DF10AB0}.Release|Any CPU.ActiveCfg = Release|Any CPU
		{A0BE9396-90E7-4943-A163-597F4DF10AB0}.Release|Any CPU.Build.0 = Release|Any CPU
		{AAE11A43-B8BD-4BB7-B30C-821E781C9374}.Debug|Any CPU.ActiveCfg = Debug|Any CPU
		{AAE11A43-B8BD-4BB7-B30C-821E781C9374}.Debug|Any CPU.Build.0 = Debug|Any CPU
		{AAE11A43-B8BD-4BB7-B30C-821E781C9374}.Release|Any CPU.ActiveCfg = Release|Any CPU
		{AAE11A43-B8BD-4BB7-B30C-821E781C9374}.Release|Any CPU.Build.0 = Release|Any CPU
		{3E4891E8-B4B4-408F-9677-88CE7A2F30C0}.Debug|Any CPU.ActiveCfg = Debug|Any CPU
		{3E4891E8-B4B4-408F-9677-88CE7A2F30C0}.Debug|Any CPU.Build.0 = Debug|Any CPU
		{3E4891E8-B4B4-408F-9677-88CE7A2F30C0}.Release|Any CPU.ActiveCfg = Release|Any CPU
		{3E4891E8-B4B4-408F-9677-88CE7A2F30C0}.Release|Any CPU.Build.0 = Release|Any CPU
		{48DD78FA-2EC2-4E5D-B247-0FD0939D73D1}.Debug|Any CPU.ActiveCfg = Debug|Any CPU
		{48DD78FA-2EC2-4E5D-B247-0FD0939D73D1}.Debug|Any CPU.Build.0 = Debug|Any CPU
		{48DD78FA-2EC2-4E5D-B247-0FD0939D73D1}.Release|Any CPU.ActiveCfg = Release|Any CPU
		{48DD78FA-2EC2-4E5D-B247-0FD0939D73D1}.Release|Any CPU.Build.0 = Release|Any CPU
		{DE1A690F-9A3C-4096-BA7E-C8F9B966B0A2}.Debug|Any CPU.ActiveCfg = Debug|Any CPU
		{DE1A690F-9A3C-4096-BA7E-C8F9B966B0A2}.Debug|Any CPU.Build.0 = Debug|Any CPU
		{DE1A690F-9A3C-4096-BA7E-C8F9B966B0A2}.Release|Any CPU.ActiveCfg = Release|Any CPU
		{DE1A690F-9A3C-4096-BA7E-C8F9B966B0A2}.Release|Any CPU.Build.0 = Release|Any CPU
	EndGlobalSection
	GlobalSection(NestedProjects) = preSolution
		{D86B47A2-1B89-4D2E-A53C-EE175829337B} = {F65B52E5-3863-4560-A0AE-7E8799194130}
		{0036C80F-5558-4DF1-A1CB-453854FE8C7F} = {D86B47A2-1B89-4D2E-A53C-EE175829337B}
		{78F1D5D5-0F7F-487A-A935-2DCCFA548B44} = {F65B52E5-3863-4560-A0AE-7E8799194130}
		{5BB557B6-AD35-4E06-BDB0-6E5B71546EF9} = {78F1D5D5-0F7F-487A-A935-2DCCFA548B44}
		{F7605F60-39DA-4F2D-962B-825296DCC9F8} = {F65B52E5-3863-4560-A0AE-7E8799194130}
		{3E96C625-9319-4AE1-9068-E76ED2EB9CD4} = {F7605F60-39DA-4F2D-962B-825296DCC9F8}
		{E14C514A-B98C-421B-85D9-28CEA0C96C0E} = {F7605F60-39DA-4F2D-962B-825296DCC9F8}
		{76F43937-1D79-41D8-A7DD-1358A9EE1412} = {F65B52E5-3863-4560-A0AE-7E8799194130}
		{239C59CB-5B1F-48EC-B67F-1B589BFD16CF} = {76F43937-1D79-41D8-A7DD-1358A9EE1412}
		{A0BE9396-90E7-4943-A163-597F4DF10AB0} = {76F43937-1D79-41D8-A7DD-1358A9EE1412}
		{AAE11A43-B8BD-4BB7-B30C-821E781C9374} = {76F43937-1D79-41D8-A7DD-1358A9EE1412}
		{3E4891E8-B4B4-408F-9677-88CE7A2F30C0} = {76F43937-1D79-41D8-A7DD-1358A9EE1412}
		{48DD78FA-2EC2-4E5D-B247-0FD0939D73D1} = {EDF81E83-D71E-482F-920A-4F410F26AEBC}
		{DE1A690F-9A3C-4096-BA7E-C8F9B966B0A2} = {3FB3EB9E-FD4B-4ED3-8061-23529B877317}
	EndGlobalSection
EndGlobal
